# THIS IS AN AUTOGENERATED FILE. DO NOT EDIT THIS FILE DIRECTLY.
# yarn lockfile v1


prettier@^2.3.1:
  version "2.3.1"
  resolved "https://registry.yarnpkg.com/prettier/-/prettier-2.3.1.tgz#76903c3f8c4449bc9ac597acefa24dc5ad4cbea6"
  integrity sha512-p+vNbgpLjif/+D+DwAZAbndtRrR0md0MwfmOVN9N+2RgyACMT+7tfaRnT+WDPkqnuVwleyuBIG2XBxKDme3hPA==

"rm2-typings@git+https://github.com/play-curious/RedMetrics2-typing.git#new-perm":
  version "1.0.0"
  resolved "git+https://github.com/play-curious/RedMetrics2-typing.git#531d5810ba5b3a175e632b24e6db37bb6eee715b"

yarn@^1.22.10:
  version "1.22.10"
  resolved "https://registry.yarnpkg.com/yarn/-/yarn-1.22.10.tgz#c99daa06257c80f8fa2c3f1490724e394c26b18c"
  integrity sha512-IanQGI9RRPAN87VGTF7zs2uxkSyQSrSPsju0COgbsKQOOXr5LtcVPeyXWgwVa0ywG3d8dg6kSYKGBuYK021qeA==
